
Microsoft Visual Studio Solution File, Format Version 12.00
# Visual Studio Version 17
VisualStudioVersion = 17.7.34202.233
MinimumVisualStudioVersion = 10.0.40219.1
Project("{9A19103F-16F7-4668-BE54-9A1E7A4F7556}") = "Password_Manager", "Password_Manager.csproj", "{4C0D0823-1FB3-4BAB-9CC4-FEBBB3D9613E}"
EndProject
Global
	GlobalSection(SolutionConfigurationPlatforms) = preSolution
		Debug|Any CPU = Debug|Any CPU
		Release|Any CPU = Release|Any CPU
	EndGlobalSection
	GlobalSection(ProjectConfigurationPlatforms) = postSolution
		{4C0D0823-1FB3-4BAB-9CC4-FEBBB3D9613E}.Debug|Any CPU.ActiveCfg = Debug|Any CPU
		{4C0D0823-1FB3-4BAB-9CC4-FEBBB3D9613E}.Debug|Any CPU.Build.0 = Debug|Any CPU
		{4C0D0823-1FB3-4BAB-9CC4-FEBBB3D9613E}.Release|Any CPU.ActiveCfg = Release|Any CPU
		{4C0D0823-1FB3-4BAB-9CC4-FEBBB3D9613E}.Release|Any CPU.Build.0 = Release|Any CPU
	EndGlobalSection
	GlobalSection(SolutionProperties) = preSolution
		HideSolutionNode = FALSE
	EndGlobalSection
	GlobalSection(ExtensibilityGlobals) = postSolution
		SolutionGuid = {DCDB5BDA-64F3-407F-AEE0-E17B262876B2}
	EndGlobalSection
EndGlobal
